
Microsoft Visual Studio Solution File, Format Version 12.00
# Visual Studio Version 17
VisualStudioVersion = 17.4.33213.308
MinimumVisualStudioVersion = 10.0.40219.1
Project("{9A19103F-16F7-4668-BE54-9A1E7A4F7556}") = "MBDesignWeb", "MBDesignWeb\MBDesignWeb.csproj", "{855BF23A-26E6-4758-882C-B5C50F85B83F}"
EndProject
Project("{9A19103F-16F7-4668-BE54-9A1E7A4F7556}") = "EntitiesMBDesign", "EntitiesMBDesign\EntitiesMBDesign.csproj", "{3769F6A8-8EA6-4258-8A17-C4FCCDC7803C}"
EndProject
Project("{9A19103F-16F7-4668-BE54-9A1E7A4F7556}") = "DataLayerMBDesign", "DataLayerMBDesign\DataLayerMBDesign.csproj", "{8BCE8208-808C-48DF-A44A-F4EDB42AE588}"
EndProject
Project("{9A19103F-16F7-4668-BE54-9A1E7A4F7556}") = "BusinessLogicMBDesign", "BusinessLogicMBDesign\BusinessLogicMBDesign.csproj", "{FBAC9DF2-02F3-48AD-B042-D144AF1CA5D2}"
EndProject
Project("{9A19103F-16F7-4668-BE54-9A1E7A4F7556}") = "UtilitiesMBDesign", "UtilitiesMBDesign\UtilitiesMBDesign.csproj", "{01FCEB03-D58E-4FB8-8C74-530AFE27CE85}"
EndProject
Project("{9A19103F-16F7-4668-BE54-9A1E7A4F7556}") = "MBDesignApi", "MBDesignApi\MBDesignApi.csproj", "{72E37D2A-D68C-4785-A98F-14F4068F613C}"
EndProject
Project("{FAE04EC0-301F-11D3-BF4B-00C04F79EFBC}") = "MBDesignRdlc", "ReportRDLC\MBDesignRdlc.csproj", "{A8B6AD5B-6B30-44A2-90D0-127462CCAAE3}"
EndProject
Global
	GlobalSection(SolutionConfigurationPlatforms) = preSolution
		Debug|Any CPU = Debug|Any CPU
		Release|Any CPU = Release|Any CPU
	EndGlobalSection
	GlobalSection(ProjectConfigurationPlatforms) = postSolution
		{855BF23A-26E6-4758-882C-B5C50F85B83F}.Debug|Any CPU.ActiveCfg = Debug|Any CPU
		{855BF23A-26E6-4758-882C-B5C50F85B83F}.Debug|Any CPU.Build.0 = Debug|Any CPU
		{855BF23A-26E6-4758-882C-B5C50F85B83F}.Release|Any CPU.ActiveCfg = Release|Any CPU
		{855BF23A-26E6-4758-882C-B5C50F85B83F}.Release|Any CPU.Build.0 = Release|Any CPU
		{3769F6A8-8EA6-4258-8A17-C4FCCDC7803C}.Debug|Any CPU.ActiveCfg = Debug|Any CPU
		{3769F6A8-8EA6-4258-8A17-C4FCCDC7803C}.Debug|Any CPU.Build.0 = Debug|Any CPU
		{3769F6A8-8EA6-4258-8A17-C4FCCDC7803C}.Release|Any CPU.ActiveCfg = Release|Any CPU
		{3769F6A8-8EA6-4258-8A17-C4FCCDC7803C}.Release|Any CPU.Build.0 = Release|Any CPU
		{8BCE8208-808C-48DF-A44A-F4EDB42AE588}.Debug|Any CPU.ActiveCfg = Debug|Any CPU
		{8BCE8208-808C-48DF-A44A-F4EDB42AE588}.Debug|Any CPU.Build.0 = Debug|Any CPU
		{8BCE8208-808C-48DF-A44A-F4EDB42AE588}.Release|Any CPU.ActiveCfg = Release|Any CPU
		{8BCE8208-808C-48DF-A44A-F4EDB42AE588}.Release|Any CPU.Build.0 = Release|Any CPU
		{FBAC9DF2-02F3-48AD-B042-D144AF1CA5D2}.Debug|Any CPU.ActiveCfg = Debug|Any CPU
		{FBAC9DF2-02F3-48AD-B042-D144AF1CA5D2}.Debug|Any CPU.Build.0 = Debug|Any CPU
		{FBAC9DF2-02F3-48AD-B042-D144AF1CA5D2}.Release|Any CPU.ActiveCfg = Release|Any CPU
		{FBAC9DF2-02F3-48AD-B042-D144AF1CA5D2}.Release|Any CPU.Build.0 = Release|Any CPU
		{01FCEB03-D58E-4FB8-8C74-530AFE27CE85}.Debug|Any CPU.ActiveCfg = Debug|Any CPU
		{01FCEB03-D58E-4FB8-8C74-530AFE27CE85}.Debug|Any CPU.Build.0 = Debug|Any CPU
		{01FCEB03-D58E-4FB8-8C74-530AFE27CE85}.Release|Any CPU.ActiveCfg = Release|Any CPU
		{01FCEB03-D58E-4FB8-8C74-530AFE27CE85}.Release|Any CPU.Build.0 = Release|Any CPU
		{72E37D2A-D68C-4785-A98F-14F4068F613C}.Debug|Any CPU.ActiveCfg = Debug|Any CPU
		{72E37D2A-D68C-4785-A98F-14F4068F613C}.Debug|Any CPU.Build.0 = Debug|Any CPU
		{72E37D2A-D68C-4785-A98F-14F4068F613C}.Release|Any CPU.ActiveCfg = Release|Any CPU
		{72E37D2A-D68C-4785-A98F-14F4068F613C}.Release|Any CPU.Build.0 = Release|Any CPU
		{A8B6AD5B-6B30-44A2-90D0-127462CCAAE3}.Debug|Any CPU.ActiveCfg = Debug|Any CPU
		{A8B6AD5B-6B30-44A2-90D0-127462CCAAE3}.Debug|Any CPU.Build.0 = Debug|Any CPU
		{A8B6AD5B-6B30-44A2-90D0-127462CCAAE3}.Release|Any CPU.ActiveCfg = Release|Any CPU
		{A8B6AD5B-6B30-44A2-90D0-127462CCAAE3}.Release|Any CPU.Build.0 = Release|Any CPU
	EndGlobalSection
	GlobalSection(SolutionProperties) = preSolution
		HideSolutionNode = FALSE
	EndGlobalSection
	GlobalSection(ExtensibilityGlobals) = postSolution
		SolutionGuid = {68FBCB73-6635-4313-BC84-74BA51A571C1}
	EndGlobalSection
EndGlobal
